
Microsoft Visual Studio Solution File, Format Version 12.00
# Visual Studio Version 17
VisualStudioVersion = 17.9.34607.119
MinimumVisualStudioVersion = 10.0.40219.1
Project("{FAE04EC0-301F-11D3-BF4B-00C04F79EFBC}") = "WebApplication1", "WebApplication1\WebApplication1.csproj", "{15ACD496-16FE-4BAA-A11E-C605D779729A}"
EndProject
Global
	GlobalSection(SolutionConfigurationPlatforms) = preSolution
		Debug|Any CPU = Debug|Any CPU
		Release|Any CPU = Release|Any CPU
	EndGlobalSection
	GlobalSection(ProjectConfigurationPlatforms) = postSolution
		{15ACD496-16FE-4BAA-A11E-C605D779729A}.Debug|Any CPU.ActiveCfg = Debug|Any CPU
		{15ACD496-16FE-4BAA-A11E-C605D779729A}.Debug|Any CPU.Build.0 = Debug|Any CPU
		{15ACD496-16FE-4BAA-A11E-C605D779729A}.Release|Any CPU.ActiveCfg = Release|Any CPU
		{15ACD496-16FE-4BAA-A11E-C605D779729A}.Release|Any CPU.Build.0 = Release|Any CPU
	EndGlobalSection
	GlobalSection(SolutionProperties) = preSolution
		HideSolutionNode = FALSE
	EndGlobalSection
	GlobalSection(ExtensibilityGlobals) = postSolution
		SolutionGuid = {DC41F280-CCAE-40B1-83D5-C2C83F099560}
	EndGlobalSection
EndGlobal
